
Microsoft Visual Studio Solution File, Format Version 12.00
# Visual Studio 14
VisualStudioVersion = 14.0.25123.0
MinimumVisualStudioVersion = 10.0.40219.1
Project("{8BC9CEB8-8B4A-11D0-8D11-00A0C91BC942}") = "wsgi_boost", "wsgi_boost\wsgi_boost.vcxproj", "{03E529DC-5FDD-4E47-88DD-E3765CA749F7}"
EndProject
Project("{2150E333-8FDC-42A3-9474-1A3956D46DE8}") = "Solution Items", "Solution Items", "{DD9DA08E-5B2E-49E2-BAEA-E26EA4403394}"
	ProjectSection(SolutionItems) = preProject
		.travis.yml = .travis.yml
		appveyor.py = appveyor.py
		appveyor.yml = appveyor.yml
		CMakeLists.txt = CMakeLists.txt
		License.txt = License.txt
		Readme.rst = Readme.rst
		setup.py = setup.py
		travis.py = travis.py
	EndProjectSection
EndProject
Project("{888888A0-9F3D-457C-B088-3A5042F75D52}") = "test_wsgi_boost", "test_wsgi_boost\test_wsgi_boost.pyproj", "{F423181F-C1CB-44A4-B8BB-D6641ECF59EE}"
EndProject
Project("{888888A0-9F3D-457C-B088-3A5042F75D52}") = "examples", "examples\examples.pyproj", "{C34905EE-595E-435D-A938-6443DD795224}"
EndProject
Global
	GlobalSection(SolutionConfigurationPlatforms) = preSolution
		Debug|Any CPU = Debug|Any CPU
		Debug|x64 = Debug|x64
		Debug|x86 = Debug|x86
		Release|Any CPU = Release|Any CPU
		Release|x64 = Release|x64
		Release|x86 = Release|x86
	EndGlobalSection
	GlobalSection(ProjectConfigurationPlatforms) = postSolution
		{03E529DC-5FDD-4E47-88DD-E3765CA749F7}.Debug|Any CPU.ActiveCfg = Debug|Win32
		{03E529DC-5FDD-4E47-88DD-E3765CA749F7}.Debug|x64.ActiveCfg = Debug|x64
		{03E529DC-5FDD-4E47-88DD-E3765CA749F7}.Debug|x64.Build.0 = Debug|x64
		{03E529DC-5FDD-4E47-88DD-E3765CA749F7}.Debug|x86.ActiveCfg = Debug|Win32
		{03E529DC-5FDD-4E47-88DD-E3765CA749F7}.Debug|x86.Build.0 = Debug|Win32
		{03E529DC-5FDD-4E47-88DD-E3765CA749F7}.Release|Any CPU.ActiveCfg = Release|Win32
		{03E529DC-5FDD-4E47-88DD-E3765CA749F7}.Release|x64.ActiveCfg = Release|x64
		{03E529DC-5FDD-4E47-88DD-E3765CA749F7}.Release|x64.Build.0 = Release|x64
		{03E529DC-5FDD-4E47-88DD-E3765CA749F7}.Release|x86.ActiveCfg = Release|Win32
		{03E529DC-5FDD-4E47-88DD-E3765CA749F7}.Release|x86.Build.0 = Release|Win32
		{F423181F-C1CB-44A4-B8BB-D6641ECF59EE}.Debug|Any CPU.ActiveCfg = Debug|Any CPU
		{F423181F-C1CB-44A4-B8BB-D6641ECF59EE}.Debug|x64.ActiveCfg = Debug|Any CPU
		{F423181F-C1CB-44A4-B8BB-D6641ECF59EE}.Debug|x86.ActiveCfg = Debug|Any CPU
		{F423181F-C1CB-44A4-B8BB-D6641ECF59EE}.Release|Any CPU.ActiveCfg = Release|Any CPU
		{F423181F-C1CB-44A4-B8BB-D6641ECF59EE}.Release|x64.ActiveCfg = Release|Any CPU
		{F423181F-C1CB-44A4-B8BB-D6641ECF59EE}.Release|x86.ActiveCfg = Release|Any CPU
		{C34905EE-595E-435D-A938-6443DD795224}.Debug|Any CPU.ActiveCfg = Debug|Any CPU
		{C34905EE-595E-435D-A938-6443DD795224}.Debug|x64.ActiveCfg = Debug|Any CPU
		{C34905EE-595E-435D-A938-6443DD795224}.Debug|x86.ActiveCfg = Debug|Any CPU
		{C34905EE-595E-435D-A938-6443DD795224}.Release|Any CPU.ActiveCfg = Release|Any CPU
		{C34905EE-595E-435D-A938-6443DD795224}.Release|x64.ActiveCfg = Release|Any CPU
		{C34905EE-595E-435D-A938-6443DD795224}.Release|x86.ActiveCfg = Release|Any CPU
	EndGlobalSection
	GlobalSection(SolutionProperties) = preSolution
		HideSolutionNode = FALSE
	EndGlobalSection
EndGlobal
